// !$*UTF8*$!
{
	archiveVersion = 1;
	classes = {
	};
	objectVersion = 46;
	objects = {

/* Begin PBXBuildFile section */
		096F11171DDE360700CCBABC /* main.c in Sources */ = {isa = PBXBuildFile; fileRef = 096F11161DDE360700CCBABC /* main.c */; };
/* End PBXBuildFile section */

/* Begin PBXCopyFilesBuildPhase section */
		096F11111DDE360700CCBABC /* CopyFiles */ = {
			isa = PBXCopyFilesBuildPhase;
			buildActionMask = 2147483647;
			dstPath = /usr/share/man/man1/;
			dstSubfolderSpec = 0;
			files = (
			);
			runOnlyForDeploymentPostprocessing = 1;
		};
/* End PBXCopyFilesBuildPhase section */

/* Begin PBXFileReference section */
		096F11131DDE360700CCBABC /* Algos and Coding 14 */ = {isa = PBXFileReference; explicitFileType = "compiled.mach-o.executable"; includeInIndex = 0; path = "Algos and Coding 14"; sourceTree = BUILT_PRODUCTS_DIR; };
		096F11161DDE360700CCBABC /* main.c */ = {isa = PBXFileReference; lastKnownFileType = sourcecode.c.c; path = main.c; sourceTree = "<group>"; };
/* End PBXFileReference section */

/* Begin PBXFrameworksBuildPhase section */
		096F11101DDE360700CCBABC /* Frameworks */ = {
			isa = PBXFrameworksBuildPhase;
			buildActionMask = 2147483647;
			files = (
			);
			runOnlyForDeploymentPostprocessing = 0;
		};
/* End PBXFrameworksBuildPhase section */

/* Begin PBXGroup section */
		096F110A1DDE360700CCBABC = {
			isa = PBXGroup;
			children = (
				096F11151DDE360700CCBABC /* Algos and Coding 14 */,
				096F11141DDE360700CCBABC /* Products */,
			);
			sourceTree = "<group>";
		};
		096F11141DDE360700CCBABC /* Products */ = {
			isa = PBXGroup;
			children = (
				096F11131DDE360700CCBABC /* Algos and Coding 14 */,
			);
			name = Products;
			sourceTree = "<group>";
		};
		096F11151DDE360700CCBABC /* Algos and Coding 14 */ = {
			isa = PBXGroup;
			children = (
				096F11161DDE360700CCBABC /* main.c */,
			);
			path = "Algos and Coding 14";
			sourceTree = "<group>";
		};
/* End PBXGroup section */

/* Begin PBXNativeTarget section */
		096F11121DDE360700CCBABC /* Algos and Coding 14 */ = {
			isa = PBXNativeTarget;
			buildConfigurationList = 096F111A1DDE360700CCBABC /* Build configuration list for PBXNativeTarget "Algos and Coding 14" */;
			buildPhases = (
				096F110F1DDE360700CCBABC /* Sources */,
				096F11101DDE360700CCBABC /* Frameworks */,
				096F11111DDE360700CCBABC /* CopyFiles */,
			);
			buildRules = (
			);
			dependencies = (
			);
			name = "Algos and Coding 14";
			productName = "Algos and Coding 14";
			productReference = 096F11131DDE360700CCBABC /* Algos and Coding 14 */;
			productType = "com.apple.product-type.tool";
		};
/* End PBXNativeTarget section */

/* Begin PBXProject section */
		096F110B1DDE360700CCBABC /* Project object */ = {
			isa = PBXProject;
			attributes = {
				LastUpgradeCheck = 0810;
				ORGANIZATIONNAME = "Turn To Tech";
				TargetAttributes = {
					096F11121DDE360700CCBABC = {
						CreatedOnToolsVersion = 8.1;
						DevelopmentTeam = 5P88HHTNS2;
						ProvisioningStyle = Automatic;
					};
				};
			};
			buildConfigurationList = 096F110E1DDE360700CCBABC /* Build configuration list for PBXProject "Algos and Coding 14" */;
			compatibilityVersion = "Xcode 3.2";
			developmentRegion = English;
			hasScannedForEncodings = 0;
			knownRegions = (
				en,
			);
			mainGroup = 096F110A1DDE360700CCBABC;
			productRefGroup = 096F11141DDE360700CCBABC /* Products */;
			projectDirPath = "";
			projectRoot = "";
			targets = (
				096F11121DDE360700CCBABC /* Algos and Coding 14 */,
			);
		};
/* End PBXProject section */

/* Begin PBXSourcesBuildPhase section */
		096F110F1DDE360700CCBABC /* Sources */ = {
			isa = PBXSourcesBuildPhase;
			buildActionMask = 2147483647;
			files = (
				096F11171DDE360700CCBABC /* main.c in Sources */,
			);
			runOnlyForDeploymentPostprocessing = 0;
		};
/* End PBXSourcesBuildPhase section */

/* Begin XCBuildConfiguration section */
		096F11181DDE360700CCBABC /* Debug */ = {
			isa = XCBuildConfiguration;
			buildSettings = {
				ALWAYS_SEARCH_USER_PATHS = NO;
				CLANG_ANALYZER_NONNULL = YES;
				CLANG_CXX_LANGUAGE_STANDARD = "gnu++0x";
				CLANG_CXX_LIBRARY = "libc++";
				CLANG_ENABLE_MODULES = YES;
				CLANG_ENABLE_OBJC_ARC = YES;
				CLANG_WARN_BOOL_CONVERSION = YES;
				CLANG_WARN_CONSTANT_CONVERSION = YES;
				CLANG_WARN_DIRECT_OBJC_ISA_USAGE = YES_ERROR;
				CLANG_WARN_DOCUMENTATION_COMMENTS = YES;
				CLANG_WARN_EMPTY_BODY = YES;
				CLANG_WARN_ENUM_CONVERSION = YES;
				CLANG_WARN_INFINITE_RECURSION = YES;
				CLANG_WARN_INT_CONVERSION = YES;
				CLANG_WARN_OBJC_ROOT_CLASS = YES_ERROR;
				CLANG_WARN_SUSPICIOUS_MOVES = YES;
				CLANG_WARN_UNREACHABLE_CODE = YES;
				CLANG_WARN__DUPLICATE_METHOD_MATCH = YES;
				CODE_SIGN_IDENTITY = "-";
				COPY_PHASE_STRIP = NO;
				DEBUG_INFORMATION_FORMAT = dwarf;
				ENABLE_STRICT_OBJC_MSGSEND = YES;
				ENABLE_TESTABILITY = YES;
				GCC_C_LANGUAGE_STANDARD = gnu99;
				GCC_DYNAMIC_NO_PIC = NO;
				GCC_NO_COMMON_BLOCKS = YES;
				GCC_OPTIMIZATION_LEVEL = 0;
				GCC_PREPROCESSOR_DEFINITIONS = (
					"DEBUG=1",
					"$(inherited)",
				);
				GCC_WARN_64_TO_32_BIT_CONVERSION = YES;
				GCC_WARN_ABOUT_RETURN_TYPE = YES_ERROR;
				GCC_WARN_UNDECLARED_SELECTOR = YES;
				GCC_WARN_UNINITIALIZED_AUTOS = YES_AGGRESSIVE;
				GCC_WARN_UNUSED_FUNCTION = YES;
				GCC_WARN_UNUSED_VARIABLE = YES;
				MACOSX_DEPLOYMENT_TARGET = 10.12;
				MTL_ENABLE_DEBUG_INFO = YES;
				ONLY_ACTIVE_ARCH = YES;
				SDKROOT = macosx;
			};
			name = Debug;
		};
		096F11191DDE360700CCBABC /* Release */ = {
			isa = XCBuildConfiguration;
			buildSettings = {
				ALWAYS_SEARCH_USER_PATHS = NO;
				CLANG_ANALYZER_NONNULL = YES;
				CLANG_CXX_LANGUAGE_STANDARD = "gnu++0x";
				CLANG_CXX_LIBRARY = "libc++";
				CLANG_ENABLE_MODULES = YES;
				CLANG_ENABLE_OBJC_ARC = YES;
				CLANG_WARN_BOOL_CONVERSION = YES;
				CLANG_WARN_CONSTANT_CONVERSION = YES;
				CLANG_WARN_DIRECT_OBJC_ISA_USAGE = YES_ERROR;
				CLANG_WARN_DOCUMENTATION_COMMENTS = YES;
				CLANG_WARN_EMPTY_BODY = YES;
				CLANG_WARN_ENUM_CONVERSION = YES;
				CLANG_WARN_INFINITE_RECURSION = YES;
				CLANG_WARN_INT_CONVERSION = YES;
				CLANG_WARN_OBJC_ROOT_CLASS = YES_ERROR;
				CLANG_WARN_SUSPICIOUS_MOVES = YES;
				CLANG_WARN_UNREACHABLE_CODE = YES;
				CLANG_WARN__DUPLICATE_METHOD_MATCH = YES;
				CODE_SIGN_IDENTITY = "-";
				COPY_PHASE_STRIP = NO;
				DEBUG_INFORMATION_FORMAT = "dwarf-with-dsym";
				ENABLE_NS_ASSERTIONS = NO;
				ENABLE_STRICT_OBJC_MSGSEND = YES;
				GCC_C_LANGUAGE_STANDARD = gnu99;
				GCC_NO_COMMON_BLOCKS = YES;
				GCC_WARN_64_TO_32_BIT_CONVERSION = YES;
				GCC_WARN_ABOUT_RETURN_TYPE = YES_ERROR;
				GCC_WARN_UNDECLARED_SELECTOR = YES;
				GCC_WARN_UNINITIALIZED_AUTOS = YES_AGGRESSIVE;
				GCC_WARN_UNUSED_FUNCTION = YES;
				GCC_WARN_UNUSED_VARIABLE = YES;
				MACOSX_DEPLOYMENT_TARGET = 10.12;
				MTL_ENABLE_DEBUG_INFO = NO;
				SDKROOT = macosx;
			};
			name = Release;
		};
		096F111B1DDE360700CCBABC /* Debug */ = {
			isa = XCBuildConfiguration;
			buildSettings = {
				DEVELOPMENT_TEAM = 5P88HHTNS2;
				PRODUCT_NAME = "$(TARGET_NAME)";
			};
			name = Debug;
		};
		096F111C1DDE360700CCBABC /* Release */ = {
			isa = XCBuildConfiguration;
			buildSettings = {
				DEVELOPMENT_TEAM = 5P88HHTNS2;
				PRODUCT_NAME = "$(TARGET_NAME)";
			};
			name = Release;
		};
/* End XCBuildConfiguration section */

/* Begin XCConfigurationList section */
		096F110E1DDE360700CCBABC /* Build configuration list for PBXProject "Algos and Coding 14" */ = {
			isa = XCConfigurationList;
			buildConfigurations = (
				096F11181DDE360700CCBABC /* Debug */,
				096F11191DDE360700CCBABC /* Release */,
			);
			defaultConfigurationIsVisible = 0;
			defaultConfigurationName = Release;
		};
		096F111A1DDE360700CCBABC /* Build configuration list for PBXNativeTarget "Algos and Coding 14" */ = {
			isa = XCConfigurationList;
			buildConfigurations = (
				096F111B1DDE360700CCBABC /* Debug */,
				096F111C1DDE360700CCBABC /* Release */,
			);
			defaultConfigurationIsVisible = 0;
		};
/* End XCConfigurationList section */
	};
	rootObject = 096F110B1DDE360700CCBABC /* Project object */;
}
